
Microsoft Visual Studio Solution File, Format Version 12.00
# Visual Studio Version 18
VisualStudioVersion = 18.0.11222.15
MinimumVisualStudioVersion = 10.0.40219.1
Project("{2150E333-8FDC-42A3-9474-1A3956D46DE8}") = "Solution Items", "Solution Items", "{C2EDD998-7255-4FB7-A12D-AEA0E2B3EE9C}"
	ProjectSection(SolutionItems) = preProject
		..\.gitignore = ..\.gitignore
		..\.github\CONTRIBUTING.md = ..\.github\CONTRIBUTING.md
		..\LICENSE = ..\LICENSE
		..\.github\README.md = ..\.github\README.md
		..\umbraco-marketplace.json = ..\umbraco-marketplace.json
	EndProjectSection
EndProject
Project("{2150E333-8FDC-42A3-9474-1A3956D46DE8}") = "docs", "docs", "{86DCB238-F4B9-4C73-A8F0-BB5C187BF1D5}"
	ProjectSection(SolutionItems) = preProject
		..\docs\history.md = ..\docs\history.md
		..\docs\logo.png = ..\docs\logo.png
		..\docs\README_nuget.md = ..\docs\README_nuget.md
	EndProjectSection
EndProject
Project("{2150E333-8FDC-42A3-9474-1A3956D46DE8}") = "screenshots", "screenshots", "{817C8E25-B913-4332-AD68-D9B3431FFF54}"
	ProjectSection(SolutionItems) = preProject
		..\docs\screenshots\blockgrid-css.jpg = ..\docs\screenshots\blockgrid-css.jpg
		..\docs\screenshots\BOvsFrontend-v2.jpg = ..\docs\screenshots\BOvsFrontend-v2.jpg
		..\docs\screenshots\BOvsFrontend-v3.jpg = ..\docs\screenshots\BOvsFrontend-v3.jpg
		..\docs\screenshots\doc-data-types.jpg = ..\docs\screenshots\doc-data-types.jpg
		..\docs\screenshots\wysiwg-dashboard.jpg = ..\docs\screenshots\wysiwg-dashboard.jpg
	EndProjectSection
EndProject
Project("{2150E333-8FDC-42A3-9474-1A3956D46DE8}") = "contributions", "contributions", "{02EA681E-C7D8-13C7-8484-4AC65E1B71E8}"
	ProjectSection(SolutionItems) = preProject
		..\contributions\umbraco-marketplace-readme-umbraco.community.wysiwgumbracocommunityextensions.md = ..\contributions\umbraco-marketplace-readme-umbraco.community.wysiwgumbracocommunityextensions.md
	EndProjectSection
EndProject
Project("{FAE04EC0-301F-11D3-BF4B-00C04F79EFBC}") = "WysiwgUmbracoCommunityExtensionsUmb17", "WysiwgUmbracoCommunityExtensionsUmb17\WysiwgUmbracoCommunityExtensionsUmb17.csproj", "{977A65E6-393E-98F0-876F-22C9AE00494D}"
EndProject
Project("{FAE04EC0-301F-11D3-BF4B-00C04F79EFBC}") = "Umbraco17", "Umbraco17\Umbraco17.csproj", "{9F588DCE-E86C-2BCB-AA8E-8E09B83C1A63}"
EndProject
Project("{2150E333-8FDC-42A3-9474-1A3956D46DE8}") = "Umbraco", "Umbraco", "{14513E1D-DAB5-4A4A-8EDA-2E87F4F04608}"
EndProject
Project("{2150E333-8FDC-42A3-9474-1A3956D46DE8}") = "CMS", "CMS", "{EED71397-01E9-4763-B3E6-1060503D9A89}"
EndProject
Project("{2150E333-8FDC-42A3-9474-1A3956D46DE8}") = "Tests", "Tests", "{60681732-337E-479A-898E-914B16E973E1}"
EndProject
Project("{FAE04EC0-301F-11D3-BF4B-00C04F79EFBC}") = "Umbraco.Cms", "..\..\..\Umbraco-CMS\src\Umbraco.Cms\Umbraco.Cms.csproj", "{04F1E508-A913-CAC9-51D0-D2BE0046CFAB}"
EndProject
Project("{FAE04EC0-301F-11D3-BF4B-00C04F79EFBC}") = "Umbraco.TestData", "..\..\..\Umbraco-CMS\tests\Umbraco.TestData\Umbraco.TestData.csproj", "{3D682EFB-AEA7-1DE4-CCEF-16D752C7D6E0}"
EndProject
Project("{FAE04EC0-301F-11D3-BF4B-00C04F79EFBC}") = "Umbraco.Cms.Api.Common", "..\..\..\Umbraco-CMS\src\Umbraco.Cms.Api.Common\Umbraco.Cms.Api.Common.csproj", "{5CDBE619-6E42-6BF0-2BBA-302BF46F31E2}"
EndProject
Project("{FAE04EC0-301F-11D3-BF4B-00C04F79EFBC}") = "Umbraco.Cms.Api.Delivery", "..\..\..\Umbraco-CMS\src\Umbraco.Cms.Api.Delivery\Umbraco.Cms.Api.Delivery.csproj", "{03A1AC8C-77F0-4BF3-B4D2-56832F97FA46}"
EndProject
Project("{FAE04EC0-301F-11D3-BF4B-00C04F79EFBC}") = "Umbraco.Cms.Api.Management", "..\..\..\Umbraco-CMS\src\Umbraco.Cms.Api.Management\Umbraco.Cms.Api.Management.csproj", "{AD634BD1-5282-B854-DED9-F26ED67F6EA8}"
EndProject
Project("{FAE04EC0-301F-11D3-BF4B-00C04F79EFBC}") = "Umbraco.Cms.DevelopmentMode.Backoffice", "..\..\..\Umbraco-CMS\src\Umbraco.Cms.DevelopmentMode.Backoffice\Umbraco.Cms.DevelopmentMode.Backoffice.csproj", "{506A7691-E88E-B6B9-388C-6935A6279B87}"
EndProject
Project("{FAE04EC0-301F-11D3-BF4B-00C04F79EFBC}") = "Umbraco.Cms.Imaging.ImageSharp", "..\..\..\Umbraco-CMS\src\Umbraco.Cms.Imaging.ImageSharp\Umbraco.Cms.Imaging.ImageSharp.csproj", "{A6D993DD-E668-5BA1-97A8-8D7CA1046774}"
EndProject
Project("{FAE04EC0-301F-11D3-BF4B-00C04F79EFBC}") = "Umbraco.Cms.Imaging.ImageSharp2", "..\..\..\Umbraco-CMS\src\Umbraco.Cms.Imaging.ImageSharp2\Umbraco.Cms.Imaging.ImageSharp2.csproj", "{F2F72251-7E82-B1BD-1279-FE594D5FEEDF}"
EndProject
Project("{FAE04EC0-301F-11D3-BF4B-00C04F79EFBC}") = "Umbraco.Cms.Persistence.EFCore", "..\..\..\Umbraco-CMS\src\Umbraco.Cms.Persistence.EFCore\Umbraco.Cms.Persistence.EFCore.csproj", "{532C1C0E-40D4-94C4-AA26-E41A0A26E966}"
EndProject
Project("{FAE04EC0-301F-11D3-BF4B-00C04F79EFBC}") = "Umbraco.Cms.Persistence.EFCore.Sqlite", "..\..\..\Umbraco-CMS\src\Umbraco.Cms.Persistence.EFCore.Sqlite\Umbraco.Cms.Persistence.EFCore.Sqlite.csproj", "{03522CB6-EA55-0193-0368-3FEAC7329A05}"
EndProject
Project("{FAE04EC0-301F-11D3-BF4B-00C04F79EFBC}") = "Umbraco.Cms.Persistence.EFCore.SqlServer", "..\..\..\Umbraco-CMS\src\Umbraco.Cms.Persistence.EFCore.SqlServer\Umbraco.Cms.Persistence.EFCore.SqlServer.csproj", "{68F2FE9B-0732-71AB-28A9-C320D8753232}"
EndProject
Project("{FAE04EC0-301F-11D3-BF4B-00C04F79EFBC}") = "Umbraco.Cms.Persistence.Sqlite", "..\..\..\Umbraco-CMS\src\Umbraco.Cms.Persistence.Sqlite\Umbraco.Cms.Persistence.Sqlite.csproj", "{99BCE69C-56FF-F181-B5A4-7DEFBE9010BE}"
EndProject
Project("{FAE04EC0-301F-11D3-BF4B-00C04F79EFBC}") = "Umbraco.Cms.Persistence.SqlServer", "..\..\..\Umbraco-CMS\src\Umbraco.Cms.Persistence.SqlServer\Umbraco.Cms.Persistence.SqlServer.csproj", "{886EAAB9-16CC-A1A0-DD8A-F26179F0491C}"
EndProject
Project("{FAE04EC0-301F-11D3-BF4B-00C04F79EFBC}") = "Umbraco.Cms.StaticAssets", "..\..\..\Umbraco-CMS\src\Umbraco.Cms.StaticAssets\Umbraco.Cms.StaticAssets.csproj", "{67CBE0C1-531F-3D5E-D539-805738D1D10B}"
EndProject
Project("{FAE04EC0-301F-11D3-BF4B-00C04F79EFBC}") = "Umbraco.Cms.Targets", "..\..\..\Umbraco-CMS\src\Umbraco.Cms.Targets\Umbraco.Cms.Targets.csproj", "{96984705-A0B1-E95C-B1A7-70E0334A8CD3}"
EndProject
Project("{FAE04EC0-301F-11D3-BF4B-00C04F79EFBC}") = "Umbraco.Core", "..\..\..\Umbraco-CMS\src\Umbraco.Core\Umbraco.Core.csproj", "{35BC2147-7FE5-CD9E-6D46-11AD9955D919}"
EndProject
Project("{FAE04EC0-301F-11D3-BF4B-00C04F79EFBC}") = "Umbraco.Examine.Lucene", "..\..\..\Umbraco-CMS\src\Umbraco.Examine.Lucene\Umbraco.Examine.Lucene.csproj", "{86B1091D-48C4-C239-21B1-BFAD77A516CE}"
EndProject
Project("{FAE04EC0-301F-11D3-BF4B-00C04F79EFBC}") = "Umbraco.Infrastructure", "..\..\..\Umbraco-CMS\src\Umbraco.Infrastructure\Umbraco.Infrastructure.csproj", "{DC51947E-6733-954B-5A7E-8E0FFC3F801A}"
EndProject
Project("{FAE04EC0-301F-11D3-BF4B-00C04F79EFBC}") = "Umbraco.PublishedCache.HybridCache", "..\..\..\Umbraco-CMS\src\Umbraco.PublishedCache.HybridCache\Umbraco.PublishedCache.HybridCache.csproj", "{2BD22748-5035-E13E-7FB9-15ECF449716E}"
EndProject
Project("{FAE04EC0-301F-11D3-BF4B-00C04F79EFBC}") = "Umbraco.Web.Common", "..\..\..\Umbraco-CMS\src\Umbraco.Web.Common\Umbraco.Web.Common.csproj", "{3871263C-56BB-BF20-4C59-B4EDC1E2D4B5}"
EndProject
Project("{FAE04EC0-301F-11D3-BF4B-00C04F79EFBC}") = "Umbraco.Web.UI", "..\..\..\Umbraco-CMS\src\Umbraco.Web.UI\Umbraco.Web.UI.csproj", "{BA9C8567-E55B-F9CD-CCB8-CB3722663979}"
EndProject
Project("{FAE04EC0-301F-11D3-BF4B-00C04F79EFBC}") = "Umbraco.Web.Website", "..\..\..\Umbraco-CMS\src\Umbraco.Web.Website\Umbraco.Web.Website.csproj", "{CFE13DAA-E411-55D7-BC07-DCB9EC6FC474}"
EndProject
Project("{E24C65DC-7377-472B-9ABA-BC803B73C61A}") = "Umbraco.Web.UI.Client", "http://localhost:3961", "{3819A550-DCEC-4153-91B4-8BA9F7F0B9B4}"
	ProjectSection(WebsiteProperties) = preProject
		UseIISExpress = "true"
		TargetFrameworkMoniker = ".NETFramework,Version%3Dv4.8"
		Debug.AspNetCompiler.VirtualPath = "/localhost_3961"
		Debug.AspNetCompiler.PhysicalPath = "..\..\..\Umbraco-CMS\src\Umbraco.Web.UI.Client\"
		Debug.AspNetCompiler.TargetPath = "PrecompiledWeb\localhost_3961\"
		Debug.AspNetCompiler.Updateable = "true"
		Debug.AspNetCompiler.ForceOverwrite = "true"
		Debug.AspNetCompiler.FixedNames = "false"
		Debug.AspNetCompiler.Debug = "True"
		Release.AspNetCompiler.VirtualPath = "/localhost_3961"
		Release.AspNetCompiler.PhysicalPath = "..\..\..\Umbraco-CMS\src\Umbraco.Web.UI.Client\"
		Release.AspNetCompiler.TargetPath = "PrecompiledWeb\localhost_3961\"
		Release.AspNetCompiler.Updateable = "true"
		Release.AspNetCompiler.ForceOverwrite = "true"
		Release.AspNetCompiler.FixedNames = "false"
		Release.AspNetCompiler.Debug = "False"
		SlnRelativePath = "..\..\..\Umbraco-CMS\src\Umbraco.Web.UI.Client\"
	EndProjectSection
EndProject
Project("{E24C65DC-7377-472B-9ABA-BC803B73C61A}") = "Umbraco.Web.UI.Login", "http://localhost:3962", "{A5A4D377-A873-4469-AB5F-24B32BC0E55A}"
	ProjectSection(WebsiteProperties) = preProject
		UseIISExpress = "true"
		TargetFrameworkMoniker = ".NETFramework,Version%3Dv4.8"
		Debug.AspNetCompiler.VirtualPath = "/localhost_3962"
		Debug.AspNetCompiler.PhysicalPath = "..\..\..\Umbraco-CMS\src\Umbraco.Web.UI.Login\"
		Debug.AspNetCompiler.TargetPath = "PrecompiledWeb\localhost_3962\"
		Debug.AspNetCompiler.Updateable = "true"
		Debug.AspNetCompiler.ForceOverwrite = "true"
		Debug.AspNetCompiler.FixedNames = "false"
		Debug.AspNetCompiler.Debug = "True"
		Release.AspNetCompiler.VirtualPath = "/localhost_3962"
		Release.AspNetCompiler.PhysicalPath = "..\..\..\Umbraco-CMS\src\Umbraco.Web.UI.Login\"
		Release.AspNetCompiler.TargetPath = "PrecompiledWeb\localhost_3962\"
		Release.AspNetCompiler.Updateable = "true"
		Release.AspNetCompiler.ForceOverwrite = "true"
		Release.AspNetCompiler.FixedNames = "false"
		Release.AspNetCompiler.Debug = "False"
		SlnRelativePath = "..\..\..\Umbraco-CMS\src\Umbraco.Web.UI.Login\"
	EndProjectSection
EndProject
Global
	GlobalSection(SolutionConfigurationPlatforms) = preSolution
		Debug|Any CPU = Debug|Any CPU
		Debug|x64 = Debug|x64
		Debug|x86 = Debug|x86
		Release|Any CPU = Release|Any CPU
		Release|x64 = Release|x64
		Release|x86 = Release|x86
	EndGlobalSection
	GlobalSection(ProjectConfigurationPlatforms) = postSolution
		{977A65E6-393E-98F0-876F-22C9AE00494D}.Debug|Any CPU.ActiveCfg = Debug|Any CPU
		{977A65E6-393E-98F0-876F-22C9AE00494D}.Debug|Any CPU.Build.0 = Debug|Any CPU
		{977A65E6-393E-98F0-876F-22C9AE00494D}.Debug|x64.ActiveCfg = Debug|Any CPU
		{977A65E6-393E-98F0-876F-22C9AE00494D}.Debug|x64.Build.0 = Debug|Any CPU
		{977A65E6-393E-98F0-876F-22C9AE00494D}.Debug|x86.ActiveCfg = Debug|Any CPU
		{977A65E6-393E-98F0-876F-22C9AE00494D}.Debug|x86.Build.0 = Debug|Any CPU
		{977A65E6-393E-98F0-876F-22C9AE00494D}.Release|Any CPU.ActiveCfg = Release|Any CPU
		{977A65E6-393E-98F0-876F-22C9AE00494D}.Release|Any CPU.Build.0 = Release|Any CPU
		{977A65E6-393E-98F0-876F-22C9AE00494D}.Release|x64.ActiveCfg = Release|Any CPU
		{977A65E6-393E-98F0-876F-22C9AE00494D}.Release|x64.Build.0 = Release|Any CPU
		{977A65E6-393E-98F0-876F-22C9AE00494D}.Release|x86.ActiveCfg = Release|Any CPU
		{977A65E6-393E-98F0-876F-22C9AE00494D}.Release|x86.Build.0 = Release|Any CPU
		{9F588DCE-E86C-2BCB-AA8E-8E09B83C1A63}.Debug|Any CPU.ActiveCfg = Debug|Any CPU
		{9F588DCE-E86C-2BCB-AA8E-8E09B83C1A63}.Debug|Any CPU.Build.0 = Debug|Any CPU
		{9F588DCE-E86C-2BCB-AA8E-8E09B83C1A63}.Debug|x64.ActiveCfg = Debug|Any CPU
		{9F588DCE-E86C-2BCB-AA8E-8E09B83C1A63}.Debug|x64.Build.0 = Debug|Any CPU
		{9F588DCE-E86C-2BCB-AA8E-8E09B83C1A63}.Debug|x86.ActiveCfg = Debug|Any CPU
		{9F588DCE-E86C-2BCB-AA8E-8E09B83C1A63}.Debug|x86.Build.0 = Debug|Any CPU
		{9F588DCE-E86C-2BCB-AA8E-8E09B83C1A63}.Release|Any CPU.ActiveCfg = Release|Any CPU
		{9F588DCE-E86C-2BCB-AA8E-8E09B83C1A63}.Release|Any CPU.Build.0 = Release|Any CPU
		{9F588DCE-E86C-2BCB-AA8E-8E09B83C1A63}.Release|x64.ActiveCfg = Release|Any CPU
		{9F588DCE-E86C-2BCB-AA8E-8E09B83C1A63}.Release|x64.Build.0 = Release|Any CPU
		{9F588DCE-E86C-2BCB-AA8E-8E09B83C1A63}.Release|x86.ActiveCfg = Release|Any CPU
		{9F588DCE-E86C-2BCB-AA8E-8E09B83C1A63}.Release|x86.Build.0 = Release|Any CPU
		{04F1E508-A913-CAC9-51D0-D2BE0046CFAB}.Debug|Any CPU.ActiveCfg = Debug|Any CPU
		{04F1E508-A913-CAC9-51D0-D2BE0046CFAB}.Debug|Any CPU.Build.0 = Debug|Any CPU
		{04F1E508-A913-CAC9-51D0-D2BE0046CFAB}.Debug|x64.ActiveCfg = Debug|Any CPU
		{04F1E508-A913-CAC9-51D0-D2BE0046CFAB}.Debug|x64.Build.0 = Debug|Any CPU
		{04F1E508-A913-CAC9-51D0-D2BE0046CFAB}.Debug|x86.ActiveCfg = Debug|Any CPU
		{04F1E508-A913-CAC9-51D0-D2BE0046CFAB}.Debug|x86.Build.0 = Debug|Any CPU
		{04F1E508-A913-CAC9-51D0-D2BE0046CFAB}.Release|Any CPU.ActiveCfg = Release|Any CPU
		{04F1E508-A913-CAC9-51D0-D2BE0046CFAB}.Release|Any CPU.Build.0 = Release|Any CPU
		{04F1E508-A913-CAC9-51D0-D2BE0046CFAB}.Release|x64.ActiveCfg = Release|Any CPU
		{04F1E508-A913-CAC9-51D0-D2BE0046CFAB}.Release|x64.Build.0 = Release|Any CPU
		{04F1E508-A913-CAC9-51D0-D2BE0046CFAB}.Release|x86.ActiveCfg = Release|Any CPU
		{04F1E508-A913-CAC9-51D0-D2BE0046CFAB}.Release|x86.Build.0 = Release|Any CPU
		{3D682EFB-AEA7-1DE4-CCEF-16D752C7D6E0}.Debug|Any CPU.ActiveCfg = Debug|Any CPU
		{3D682EFB-AEA7-1DE4-CCEF-16D752C7D6E0}.Debug|Any CPU.Build.0 = Debug|Any CPU
		{3D682EFB-AEA7-1DE4-CCEF-16D752C7D6E0}.Debug|x64.ActiveCfg = Debug|Any CPU
		{3D682EFB-AEA7-1DE4-CCEF-16D752C7D6E0}.Debug|x64.Build.0 = Debug|Any CPU
		{3D682EFB-AEA7-1DE4-CCEF-16D752C7D6E0}.Debug|x86.ActiveCfg = Debug|Any CPU
		{3D682EFB-AEA7-1DE4-CCEF-16D752C7D6E0}.Debug|x86.Build.0 = Debug|Any CPU
		{3D682EFB-AEA7-1DE4-CCEF-16D752C7D6E0}.Release|Any CPU.ActiveCfg = Release|Any CPU
		{3D682EFB-AEA7-1DE4-CCEF-16D752C7D6E0}.Release|Any CPU.Build.0 = Release|Any CPU
		{3D682EFB-AEA7-1DE4-CCEF-16D752C7D6E0}.Release|x64.ActiveCfg = Release|Any CPU
		{3D682EFB-AEA7-1DE4-CCEF-16D752C7D6E0}.Release|x64.Build.0 = Release|Any CPU
		{3D682EFB-AEA7-1DE4-CCEF-16D752C7D6E0}.Release|x86.ActiveCfg = Release|Any CPU
		{3D682EFB-AEA7-1DE4-CCEF-16D752C7D6E0}.Release|x86.Build.0 = Release|Any CPU
		{5CDBE619-6E42-6BF0-2BBA-302BF46F31E2}.Debug|Any CPU.ActiveCfg = Debug|Any CPU
		{5CDBE619-6E42-6BF0-2BBA-302BF46F31E2}.Debug|Any CPU.Build.0 = Debug|Any CPU
		{5CDBE619-6E42-6BF0-2BBA-302BF46F31E2}.Debug|x64.ActiveCfg = Debug|Any CPU
		{5CDBE619-6E42-6BF0-2BBA-302BF46F31E2}.Debug|x64.Build.0 = Debug|Any CPU
		{5CDBE619-6E42-6BF0-2BBA-302BF46F31E2}.Debug|x86.ActiveCfg = Debug|Any CPU
		{5CDBE619-6E42-6BF0-2BBA-302BF46F31E2}.Debug|x86.Build.0 = Debug|Any CPU
		{5CDBE619-6E42-6BF0-2BBA-302BF46F31E2}.Release|Any CPU.ActiveCfg = Release|Any CPU
		{5CDBE619-6E42-6BF0-2BBA-302BF46F31E2}.Release|Any CPU.Build.0 = Release|Any CPU
		{5CDBE619-6E42-6BF0-2BBA-302BF46F31E2}.Release|x64.ActiveCfg = Release|Any CPU
		{5CDBE619-6E42-6BF0-2BBA-302BF46F31E2}.Release|x64.Build.0 = Release|Any CPU
		{5CDBE619-6E42-6BF0-2BBA-302BF46F31E2}.Release|x86.ActiveCfg = Release|Any CPU
		{5CDBE619-6E42-6BF0-2BBA-302BF46F31E2}.Release|x86.Build.0 = Release|Any CPU
		{03A1AC8C-77F0-4BF3-B4D2-56832F97FA46}.Debug|Any CPU.ActiveCfg = Debug|Any CPU
		{03A1AC8C-77F0-4BF3-B4D2-56832F97FA46}.Debug|Any CPU.Build.0 = Debug|Any CPU
		{03A1AC8C-77F0-4BF3-B4D2-56832F97FA46}.Debug|x64.ActiveCfg = Debug|Any CPU
		{03A1AC8C-77F0-4BF3-B4D2-56832F97FA46}.Debug|x64.Build.0 = Debug|Any CPU
		{03A1AC8C-77F0-4BF3-B4D2-56832F97FA46}.Debug|x86.ActiveCfg = Debug|Any CPU
		{03A1AC8C-77F0-4BF3-B4D2-56832F97FA46}.Debug|x86.Build.0 = Debug|Any CPU
		{03A1AC8C-77F0-4BF3-B4D2-56832F97FA46}.Release|Any CPU.ActiveCfg = Release|Any CPU
		{03A1AC8C-77F0-4BF3-B4D2-56832F97FA46}.Release|Any CPU.Build.0 = Release|Any CPU
		{03A1AC8C-77F0-4BF3-B4D2-56832F97FA46}.Release|x64.ActiveCfg = Release|Any CPU
		{03A1AC8C-77F0-4BF3-B4D2-56832F97FA46}.Release|x64.Build.0 = Release|Any CPU
		{03A1AC8C-77F0-4BF3-B4D2-56832F97FA46}.Release|x86.ActiveCfg = Release|Any CPU
		{03A1AC8C-77F0-4BF3-B4D2-56832F97FA46}.Release|x86.Build.0 = Release|Any CPU
		{AD634BD1-5282-B854-DED9-F26ED67F6EA8}.Debug|Any CPU.ActiveCfg = Debug|Any CPU
		{AD634BD1-5282-B854-DED9-F26ED67F6EA8}.Debug|Any CPU.Build.0 = Debug|Any CPU
		{AD634BD1-5282-B854-DED9-F26ED67F6EA8}.Debug|x64.ActiveCfg = Debug|Any CPU
		{AD634BD1-5282-B854-DED9-F26ED67F6EA8}.Debug|x64.Build.0 = Debug|Any CPU
		{AD634BD1-5282-B854-DED9-F26ED67F6EA8}.Debug|x86.ActiveCfg = Debug|Any CPU
		{AD634BD1-5282-B854-DED9-F26ED67F6EA8}.Debug|x86.Build.0 = Debug|Any CPU
		{AD634BD1-5282-B854-DED9-F26ED67F6EA8}.Release|Any CPU.ActiveCfg = Release|Any CPU
		{AD634BD1-5282-B854-DED9-F26ED67F6EA8}.Release|Any CPU.Build.0 = Release|Any CPU
		{AD634BD1-5282-B854-DED9-F26ED67F6EA8}.Release|x64.ActiveCfg = Release|Any CPU
		{AD634BD1-5282-B854-DED9-F26ED67F6EA8}.Release|x64.Build.0 = Release|Any CPU
		{AD634BD1-5282-B854-DED9-F26ED67F6EA8}.Release|x86.ActiveCfg = Release|Any CPU
		{AD634BD1-5282-B854-DED9-F26ED67F6EA8}.Release|x86.Build.0 = Release|Any CPU
		{506A7691-E88E-B6B9-388C-6935A6279B87}.Debug|Any CPU.ActiveCfg = Debug|Any CPU
		{506A7691-E88E-B6B9-388C-6935A6279B87}.Debug|Any CPU.Build.0 = Debug|Any CPU
		{506A7691-E88E-B6B9-388C-6935A6279B87}.Debug|x64.ActiveCfg = Debug|Any CPU
		{506A7691-E88E-B6B9-388C-6935A6279B87}.Debug|x64.Build.0 = Debug|Any CPU
		{506A7691-E88E-B6B9-388C-6935A6279B87}.Debug|x86.ActiveCfg = Debug|Any CPU
		{506A7691-E88E-B6B9-388C-6935A6279B87}.Debug|x86.Build.0 = Debug|Any CPU
		{506A7691-E88E-B6B9-388C-6935A6279B87}.Release|Any CPU.ActiveCfg = Release|Any CPU
		{506A7691-E88E-B6B9-388C-6935A6279B87}.Release|Any CPU.Build.0 = Release|Any CPU
		{506A7691-E88E-B6B9-388C-6935A6279B87}.Release|x64.ActiveCfg = Release|Any CPU
		{506A7691-E88E-B6B9-388C-6935A6279B87}.Release|x64.Build.0 = Release|Any CPU
		{506A7691-E88E-B6B9-388C-6935A6279B87}.Release|x86.ActiveCfg = Release|Any CPU
		{506A7691-E88E-B6B9-388C-6935A6279B87}.Release|x86.Build.0 = Release|Any CPU
		{A6D993DD-E668-5BA1-97A8-8D7CA1046774}.Debug|Any CPU.ActiveCfg = Debug|Any CPU
		{A6D993DD-E668-5BA1-97A8-8D7CA1046774}.Debug|Any CPU.Build.0 = Debug|Any CPU
		{A6D993DD-E668-5BA1-97A8-8D7CA1046774}.Debug|x64.ActiveCfg = Debug|Any CPU
		{A6D993DD-E668-5BA1-97A8-8D7CA1046774}.Debug|x64.Build.0 = Debug|Any CPU
		{A6D993DD-E668-5BA1-97A8-8D7CA1046774}.Debug|x86.ActiveCfg = Debug|Any CPU
		{A6D993DD-E668-5BA1-97A8-8D7CA1046774}.Debug|x86.Build.0 = Debug|Any CPU
		{A6D993DD-E668-5BA1-97A8-8D7CA1046774}.Release|Any CPU.ActiveCfg = Release|Any CPU
		{A6D993DD-E668-5BA1-97A8-8D7CA1046774}.Release|Any CPU.Build.0 = Release|Any CPU
		{A6D993DD-E668-5BA1-97A8-8D7CA1046774}.Release|x64.ActiveCfg = Release|Any CPU
		{A6D993DD-E668-5BA1-97A8-8D7CA1046774}.Release|x64.Build.0 = Release|Any CPU
		{A6D993DD-E668-5BA1-97A8-8D7CA1046774}.Release|x86.ActiveCfg = Release|Any CPU
		{A6D993DD-E668-5BA1-97A8-8D7CA1046774}.Release|x86.Build.0 = Release|Any CPU
		{F2F72251-7E82-B1BD-1279-FE594D5FEEDF}.Debug|Any CPU.ActiveCfg = Debug|Any CPU
		{F2F72251-7E82-B1BD-1279-FE594D5FEEDF}.Debug|Any CPU.Build.0 = Debug|Any CPU
		{F2F72251-7E82-B1BD-1279-FE594D5FEEDF}.Debug|x64.ActiveCfg = Debug|Any CPU
		{F2F72251-7E82-B1BD-1279-FE594D5FEEDF}.Debug|x64.Build.0 = Debug|Any CPU
		{F2F72251-7E82-B1BD-1279-FE594D5FEEDF}.Debug|x86.ActiveCfg = Debug|Any CPU
		{F2F72251-7E82-B1BD-1279-FE594D5FEEDF}.Debug|x86.Build.0 = Debug|Any CPU
		{F2F72251-7E82-B1BD-1279-FE594D5FEEDF}.Release|Any CPU.ActiveCfg = Release|Any CPU
		{F2F72251-7E82-B1BD-1279-FE594D5FEEDF}.Release|Any CPU.Build.0 = Release|Any CPU
		{F2F72251-7E82-B1BD-1279-FE594D5FEEDF}.Release|x64.ActiveCfg = Release|Any CPU
		{F2F72251-7E82-B1BD-1279-FE594D5FEEDF}.Release|x64.Build.0 = Release|Any CPU
		{F2F72251-7E82-B1BD-1279-FE594D5FEEDF}.Release|x86.ActiveCfg = Release|Any CPU
		{F2F72251-7E82-B1BD-1279-FE594D5FEEDF}.Release|x86.Build.0 = Release|Any CPU
		{532C1C0E-40D4-94C4-AA26-E41A0A26E966}.Debug|Any CPU.ActiveCfg = Debug|Any CPU
		{532C1C0E-40D4-94C4-AA26-E41A0A26E966}.Debug|Any CPU.Build.0 = Debug|Any CPU
		{532C1C0E-40D4-94C4-AA26-E41A0A26E966}.Debug|x64.ActiveCfg = Debug|Any CPU
		{532C1C0E-40D4-94C4-AA26-E41A0A26E966}.Debug|x64.Build.0 = Debug|Any CPU
		{532C1C0E-40D4-94C4-AA26-E41A0A26E966}.Debug|x86.ActiveCfg = Debug|Any CPU
		{532C1C0E-40D4-94C4-AA26-E41A0A26E966}.Debug|x86.Build.0 = Debug|Any CPU
		{532C1C0E-40D4-94C4-AA26-E41A0A26E966}.Release|Any CPU.ActiveCfg = Release|Any CPU
		{532C1C0E-40D4-94C4-AA26-E41A0A26E966}.Release|Any CPU.Build.0 = Release|Any CPU
		{532C1C0E-40D4-94C4-AA26-E41A0A26E966}.Release|x64.ActiveCfg = Release|Any CPU
		{532C1C0E-40D4-94C4-AA26-E41A0A26E966}.Release|x64.Build.0 = Release|Any CPU
		{532C1C0E-40D4-94C4-AA26-E41A0A26E966}.Release|x86.ActiveCfg = Release|Any CPU
		{532C1C0E-40D4-94C4-AA26-E41A0A26E966}.Release|x86.Build.0 = Release|Any CPU
		{03522CB6-EA55-0193-0368-3FEAC7329A05}.Debug|Any CPU.ActiveCfg = Debug|Any CPU
		{03522CB6-EA55-0193-0368-3FEAC7329A05}.Debug|Any CPU.Build.0 = Debug|Any CPU
		{03522CB6-EA55-0193-0368-3FEAC7329A05}.Debug|x64.ActiveCfg = Debug|Any CPU
		{03522CB6-EA55-0193-0368-3FEAC7329A05}.Debug|x64.Build.0 = Debug|Any CPU
		{03522CB6-EA55-0193-0368-3FEAC7329A05}.Debug|x86.ActiveCfg = Debug|Any CPU
		{03522CB6-EA55-0193-0368-3FEAC7329A05}.Debug|x86.Build.0 = Debug|Any CPU
		{03522CB6-EA55-0193-0368-3FEAC7329A05}.Release|Any CPU.ActiveCfg = Release|Any CPU
		{03522CB6-EA55-0193-0368-3FEAC7329A05}.Release|Any CPU.Build.0 = Release|Any CPU
		{03522CB6-EA55-0193-0368-3FEAC7329A05}.Release|x64.ActiveCfg = Release|Any CPU
		{03522CB6-EA55-0193-0368-3FEAC7329A05}.Release|x64.Build.0 = Release|Any CPU
		{03522CB6-EA55-0193-0368-3FEAC7329A05}.Release|x86.ActiveCfg = Release|Any CPU
		{03522CB6-EA55-0193-0368-3FEAC7329A05}.Release|x86.Build.0 = Release|Any CPU
		{68F2FE9B-0732-71AB-28A9-C320D8753232}.Debug|Any CPU.ActiveCfg = Debug|Any CPU
		{68F2FE9B-0732-71AB-28A9-C320D8753232}.Debug|Any CPU.Build.0 = Debug|Any CPU
		{68F2FE9B-0732-71AB-28A9-C320D8753232}.Debug|x64.ActiveCfg = Debug|Any CPU
		{68F2FE9B-0732-71AB-28A9-C320D8753232}.Debug|x64.Build.0 = Debug|Any CPU
		{68F2FE9B-0732-71AB-28A9-C320D8753232}.Debug|x86.ActiveCfg = Debug|Any CPU
		{68F2FE9B-0732-71AB-28A9-C320D8753232}.Debug|x86.Build.0 = Debug|Any CPU
		{68F2FE9B-0732-71AB-28A9-C320D8753232}.Release|Any CPU.ActiveCfg = Release|Any CPU
		{68F2FE9B-0732-71AB-28A9-C320D8753232}.Release|Any CPU.Build.0 = Release|Any CPU
		{68F2FE9B-0732-71AB-28A9-C320D8753232}.Release|x64.ActiveCfg = Release|Any CPU
		{68F2FE9B-0732-71AB-28A9-C320D8753232}.Release|x64.Build.0 = Release|Any CPU
		{68F2FE9B-0732-71AB-28A9-C320D8753232}.Release|x86.ActiveCfg = Release|Any CPU
		{68F2FE9B-0732-71AB-28A9-C320D8753232}.Release|x86.Build.0 = Release|Any CPU
		{99BCE69C-56FF-F181-B5A4-7DEFBE9010BE}.Debug|Any CPU.ActiveCfg = Debug|Any CPU
		{99BCE69C-56FF-F181-B5A4-7DEFBE9010BE}.Debug|Any CPU.Build.0 = Debug|Any CPU
		{99BCE69C-56FF-F181-B5A4-7DEFBE9010BE}.Debug|x64.ActiveCfg = Debug|Any CPU
		{99BCE69C-56FF-F181-B5A4-7DEFBE9010BE}.Debug|x64.Build.0 = Debug|Any CPU
		{99BCE69C-56FF-F181-B5A4-7DEFBE9010BE}.Debug|x86.ActiveCfg = Debug|Any CPU
		{99BCE69C-56FF-F181-B5A4-7DEFBE9010BE}.Debug|x86.Build.0 = Debug|Any CPU
		{99BCE69C-56FF-F181-B5A4-7DEFBE9010BE}.Release|Any CPU.ActiveCfg = Release|Any CPU
		{99BCE69C-56FF-F181-B5A4-7DEFBE9010BE}.Release|Any CPU.Build.0 = Release|Any CPU
		{99BCE69C-56FF-F181-B5A4-7DEFBE9010BE}.Release|x64.ActiveCfg = Release|Any CPU
		{99BCE69C-56FF-F181-B5A4-7DEFBE9010BE}.Release|x64.Build.0 = Release|Any CPU
		{99BCE69C-56FF-F181-B5A4-7DEFBE9010BE}.Release|x86.ActiveCfg = Release|Any CPU
		{99BCE69C-56FF-F181-B5A4-7DEFBE9010BE}.Release|x86.Build.0 = Release|Any CPU
		{886EAAB9-16CC-A1A0-DD8A-F26179F0491C}.Debug|Any CPU.ActiveCfg = Debug|Any CPU
		{886EAAB9-16CC-A1A0-DD8A-F26179F0491C}.Debug|Any CPU.Build.0 = Debug|Any CPU
		{886EAAB9-16CC-A1A0-DD8A-F26179F0491C}.Debug|x64.ActiveCfg = Debug|Any CPU
		{886EAAB9-16CC-A1A0-DD8A-F26179F0491C}.Debug|x64.Build.0 = Debug|Any CPU
		{886EAAB9-16CC-A1A0-DD8A-F26179F0491C}.Debug|x86.ActiveCfg = Debug|Any CPU
		{886EAAB9-16CC-A1A0-DD8A-F26179F0491C}.Debug|x86.Build.0 = Debug|Any CPU
		{886EAAB9-16CC-A1A0-DD8A-F26179F0491C}.Release|Any CPU.ActiveCfg = Release|Any CPU
		{886EAAB9-16CC-A1A0-DD8A-F26179F0491C}.Release|Any CPU.Build.0 = Release|Any CPU
		{886EAAB9-16CC-A1A0-DD8A-F26179F0491C}.Release|x64.ActiveCfg = Release|Any CPU
		{886EAAB9-16CC-A1A0-DD8A-F26179F0491C}.Release|x64.Build.0 = Release|Any CPU
		{886EAAB9-16CC-A1A0-DD8A-F26179F0491C}.Release|x86.ActiveCfg = Release|Any CPU
		{886EAAB9-16CC-A1A0-DD8A-F26179F0491C}.Release|x86.Build.0 = Release|Any CPU
		{67CBE0C1-531F-3D5E-D539-805738D1D10B}.Debug|Any CPU.ActiveCfg = Debug|Any CPU
		{67CBE0C1-531F-3D5E-D539-805738D1D10B}.Debug|Any CPU.Build.0 = Debug|Any CPU
		{67CBE0C1-531F-3D5E-D539-805738D1D10B}.Debug|x64.ActiveCfg = Debug|Any CPU
		{67CBE0C1-531F-3D5E-D539-805738D1D10B}.Debug|x64.Build.0 = Debug|Any CPU
		{67CBE0C1-531F-3D5E-D539-805738D1D10B}.Debug|x86.ActiveCfg = Debug|Any CPU
		{67CBE0C1-531F-3D5E-D539-805738D1D10B}.Debug|x86.Build.0 = Debug|Any CPU
		{67CBE0C1-531F-3D5E-D539-805738D1D10B}.Release|Any CPU.ActiveCfg = Release|Any CPU
		{67CBE0C1-531F-3D5E-D539-805738D1D10B}.Release|Any CPU.Build.0 = Release|Any CPU
		{67CBE0C1-531F-3D5E-D539-805738D1D10B}.Release|x64.ActiveCfg = Release|Any CPU
		{67CBE0C1-531F-3D5E-D539-805738D1D10B}.Release|x64.Build.0 = Release|Any CPU
		{67CBE0C1-531F-3D5E-D539-805738D1D10B}.Release|x86.ActiveCfg = Release|Any CPU
		{67CBE0C1-531F-3D5E-D539-805738D1D10B}.Release|x86.Build.0 = Release|Any CPU
		{96984705-A0B1-E95C-B1A7-70E0334A8CD3}.Debug|Any CPU.ActiveCfg = Debug|Any CPU
		{96984705-A0B1-E95C-B1A7-70E0334A8CD3}.Debug|Any CPU.Build.0 = Debug|Any CPU
		{96984705-A0B1-E95C-B1A7-70E0334A8CD3}.Debug|x64.ActiveCfg = Debug|Any CPU
		{96984705-A0B1-E95C-B1A7-70E0334A8CD3}.Debug|x64.Build.0 = Debug|Any CPU
		{96984705-A0B1-E95C-B1A7-70E0334A8CD3}.Debug|x86.ActiveCfg = Debug|Any CPU
		{96984705-A0B1-E95C-B1A7-70E0334A8CD3}.Debug|x86.Build.0 = Debug|Any CPU
		{96984705-A0B1-E95C-B1A7-70E0334A8CD3}.Release|Any CPU.ActiveCfg = Release|Any CPU
		{96984705-A0B1-E95C-B1A7-70E0334A8CD3}.Release|Any CPU.Build.0 = Release|Any CPU
		{96984705-A0B1-E95C-B1A7-70E0334A8CD3}.Release|x64.ActiveCfg = Release|Any CPU
		{96984705-A0B1-E95C-B1A7-70E0334A8CD3}.Release|x64.Build.0 = Release|Any CPU
		{96984705-A0B1-E95C-B1A7-70E0334A8CD3}.Release|x86.ActiveCfg = Release|Any CPU
		{96984705-A0B1-E95C-B1A7-70E0334A8CD3}.Release|x86.Build.0 = Release|Any CPU
		{35BC2147-7FE5-CD9E-6D46-11AD9955D919}.Debug|Any CPU.ActiveCfg = Debug|Any CPU
		{35BC2147-7FE5-CD9E-6D46-11AD9955D919}.Debug|Any CPU.Build.0 = Debug|Any CPU
		{35BC2147-7FE5-CD9E-6D46-11AD9955D919}.Debug|x64.ActiveCfg = Debug|Any CPU
		{35BC2147-7FE5-CD9E-6D46-11AD9955D919}.Debug|x64.Build.0 = Debug|Any CPU
		{35BC2147-7FE5-CD9E-6D46-11AD9955D919}.Debug|x86.ActiveCfg = Debug|Any CPU
		{35BC2147-7FE5-CD9E-6D46-11AD9955D919}.Debug|x86.Build.0 = Debug|Any CPU
		{35BC2147-7FE5-CD9E-6D46-11AD9955D919}.Release|Any CPU.ActiveCfg = Release|Any CPU
		{35BC2147-7FE5-CD9E-6D46-11AD9955D919}.Release|Any CPU.Build.0 = Release|Any CPU
		{35BC2147-7FE5-CD9E-6D46-11AD9955D919}.Release|x64.ActiveCfg = Release|Any CPU
		{35BC2147-7FE5-CD9E-6D46-11AD9955D919}.Release|x64.Build.0 = Release|Any CPU
		{35BC2147-7FE5-CD9E-6D46-11AD9955D919}.Release|x86.ActiveCfg = Release|Any CPU
		{35BC2147-7FE5-CD9E-6D46-11AD9955D919}.Release|x86.Build.0 = Release|Any CPU
		{86B1091D-48C4-C239-21B1-BFAD77A516CE}.Debug|Any CPU.ActiveCfg = Debug|Any CPU
		{86B1091D-48C4-C239-21B1-BFAD77A516CE}.Debug|Any CPU.Build.0 = Debug|Any CPU
		{86B1091D-48C4-C239-21B1-BFAD77A516CE}.Debug|x64.ActiveCfg = Debug|Any CPU
		{86B1091D-48C4-C239-21B1-BFAD77A516CE}.Debug|x64.Build.0 = Debug|Any CPU
		{86B1091D-48C4-C239-21B1-BFAD77A516CE}.Debug|x86.ActiveCfg = Debug|Any CPU
		{86B1091D-48C4-C239-21B1-BFAD77A516CE}.Debug|x86.Build.0 = Debug|Any CPU
		{86B1091D-48C4-C239-21B1-BFAD77A516CE}.Release|Any CPU.ActiveCfg = Release|Any CPU
		{86B1091D-48C4-C239-21B1-BFAD77A516CE}.Release|Any CPU.Build.0 = Release|Any CPU
		{86B1091D-48C4-C239-21B1-BFAD77A516CE}.Release|x64.ActiveCfg = Release|Any CPU
		{86B1091D-48C4-C239-21B1-BFAD77A516CE}.Release|x64.Build.0 = Release|Any CPU
		{86B1091D-48C4-C239-21B1-BFAD77A516CE}.Release|x86.ActiveCfg = Release|Any CPU
		{86B1091D-48C4-C239-21B1-BFAD77A516CE}.Release|x86.Build.0 = Release|Any CPU
		{DC51947E-6733-954B-5A7E-8E0FFC3F801A}.Debug|Any CPU.ActiveCfg = Debug|Any CPU
		{DC51947E-6733-954B-5A7E-8E0FFC3F801A}.Debug|Any CPU.Build.0 = Debug|Any CPU
		{DC51947E-6733-954B-5A7E-8E0FFC3F801A}.Debug|x64.ActiveCfg = Debug|Any CPU
		{DC51947E-6733-954B-5A7E-8E0FFC3F801A}.Debug|x64.Build.0 = Debug|Any CPU
		{DC51947E-6733-954B-5A7E-8E0FFC3F801A}.Debug|x86.ActiveCfg = Debug|Any CPU
		{DC51947E-6733-954B-5A7E-8E0FFC3F801A}.Debug|x86.Build.0 = Debug|Any CPU
		{DC51947E-6733-954B-5A7E-8E0FFC3F801A}.Release|Any CPU.ActiveCfg = Release|Any CPU
		{DC51947E-6733-954B-5A7E-8E0FFC3F801A}.Release|Any CPU.Build.0 = Release|Any CPU
		{DC51947E-6733-954B-5A7E-8E0FFC3F801A}.Release|x64.ActiveCfg = Release|Any CPU
		{DC51947E-6733-954B-5A7E-8E0FFC3F801A}.Release|x64.Build.0 = Release|Any CPU
		{DC51947E-6733-954B-5A7E-8E0FFC3F801A}.Release|x86.ActiveCfg = Release|Any CPU
		{DC51947E-6733-954B-5A7E-8E0FFC3F801A}.Release|x86.Build.0 = Release|Any CPU
		{2BD22748-5035-E13E-7FB9-15ECF449716E}.Debug|Any CPU.ActiveCfg = Debug|Any CPU
		{2BD22748-5035-E13E-7FB9-15ECF449716E}.Debug|Any CPU.Build.0 = Debug|Any CPU
		{2BD22748-5035-E13E-7FB9-15ECF449716E}.Debug|x64.ActiveCfg = Debug|Any CPU
		{2BD22748-5035-E13E-7FB9-15ECF449716E}.Debug|x64.Build.0 = Debug|Any CPU
		{2BD22748-5035-E13E-7FB9-15ECF449716E}.Debug|x86.ActiveCfg = Debug|Any CPU
		{2BD22748-5035-E13E-7FB9-15ECF449716E}.Debug|x86.Build.0 = Debug|Any CPU
		{2BD22748-5035-E13E-7FB9-15ECF449716E}.Release|Any CPU.ActiveCfg = Release|Any CPU
		{2BD22748-5035-E13E-7FB9-15ECF449716E}.Release|Any CPU.Build.0 = Release|Any CPU
		{2BD22748-5035-E13E-7FB9-15ECF449716E}.Release|x64.ActiveCfg = Release|Any CPU
		{2BD22748-5035-E13E-7FB9-15ECF449716E}.Release|x64.Build.0 = Release|Any CPU
		{2BD22748-5035-E13E-7FB9-15ECF449716E}.Release|x86.ActiveCfg = Release|Any CPU
		{2BD22748-5035-E13E-7FB9-15ECF449716E}.Release|x86.Build.0 = Release|Any CPU
		{3871263C-56BB-BF20-4C59-B4EDC1E2D4B5}.Debug|Any CPU.ActiveCfg = Debug|Any CPU
		{3871263C-56BB-BF20-4C59-B4EDC1E2D4B5}.Debug|Any CPU.Build.0 = Debug|Any CPU
		{3871263C-56BB-BF20-4C59-B4EDC1E2D4B5}.Debug|x64.ActiveCfg = Debug|Any CPU
		{3871263C-56BB-BF20-4C59-B4EDC1E2D4B5}.Debug|x64.Build.0 = Debug|Any CPU
		{3871263C-56BB-BF20-4C59-B4EDC1E2D4B5}.Debug|x86.ActiveCfg = Debug|Any CPU
		{3871263C-56BB-BF20-4C59-B4EDC1E2D4B5}.Debug|x86.Build.0 = Debug|Any CPU
		{3871263C-56BB-BF20-4C59-B4EDC1E2D4B5}.Release|Any CPU.ActiveCfg = Release|Any CPU
		{3871263C-56BB-BF20-4C59-B4EDC1E2D4B5}.Release|Any CPU.Build.0 = Release|Any CPU
		{3871263C-56BB-BF20-4C59-B4EDC1E2D4B5}.Release|x64.ActiveCfg = Release|Any CPU
		{3871263C-56BB-BF20-4C59-B4EDC1E2D4B5}.Release|x64.Build.0 = Release|Any CPU
		{3871263C-56BB-BF20-4C59-B4EDC1E2D4B5}.Release|x86.ActiveCfg = Release|Any CPU
		{3871263C-56BB-BF20-4C59-B4EDC1E2D4B5}.Release|x86.Build.0 = Release|Any CPU
		{BA9C8567-E55B-F9CD-CCB8-CB3722663979}.Debug|Any CPU.ActiveCfg = Debug|Any CPU
		{BA9C8567-E55B-F9CD-CCB8-CB3722663979}.Debug|Any CPU.Build.0 = Debug|Any CPU
		{BA9C8567-E55B-F9CD-CCB8-CB3722663979}.Debug|x64.ActiveCfg = Debug|Any CPU
		{BA9C8567-E55B-F9CD-CCB8-CB3722663979}.Debug|x64.Build.0 = Debug|Any CPU
		{BA9C8567-E55B-F9CD-CCB8-CB3722663979}.Debug|x86.ActiveCfg = Debug|Any CPU
		{BA9C8567-E55B-F9CD-CCB8-CB3722663979}.Debug|x86.Build.0 = Debug|Any CPU
		{BA9C8567-E55B-F9CD-CCB8-CB3722663979}.Release|Any CPU.ActiveCfg = Release|Any CPU
		{BA9C8567-E55B-F9CD-CCB8-CB3722663979}.Release|Any CPU.Build.0 = Release|Any CPU
		{BA9C8567-E55B-F9CD-CCB8-CB3722663979}.Release|x64.ActiveCfg = Release|Any CPU
		{BA9C8567-E55B-F9CD-CCB8-CB3722663979}.Release|x64.Build.0 = Release|Any CPU
		{BA9C8567-E55B-F9CD-CCB8-CB3722663979}.Release|x86.ActiveCfg = Release|Any CPU
		{BA9C8567-E55B-F9CD-CCB8-CB3722663979}.Release|x86.Build.0 = Release|Any CPU
		{CFE13DAA-E411-55D7-BC07-DCB9EC6FC474}.Debug|Any CPU.ActiveCfg = Debug|Any CPU
		{CFE13DAA-E411-55D7-BC07-DCB9EC6FC474}.Debug|Any CPU.Build.0 = Debug|Any CPU
		{CFE13DAA-E411-55D7-BC07-DCB9EC6FC474}.Debug|x64.ActiveCfg = Debug|Any CPU
		{CFE13DAA-E411-55D7-BC07-DCB9EC6FC474}.Debug|x64.Build.0 = Debug|Any CPU
		{CFE13DAA-E411-55D7-BC07-DCB9EC6FC474}.Debug|x86.ActiveCfg = Debug|Any CPU
		{CFE13DAA-E411-55D7-BC07-DCB9EC6FC474}.Debug|x86.Build.0 = Debug|Any CPU
		{CFE13DAA-E411-55D7-BC07-DCB9EC6FC474}.Release|Any CPU.ActiveCfg = Release|Any CPU
		{CFE13DAA-E411-55D7-BC07-DCB9EC6FC474}.Release|Any CPU.Build.0 = Release|Any CPU
		{CFE13DAA-E411-55D7-BC07-DCB9EC6FC474}.Release|x64.ActiveCfg = Release|Any CPU
		{CFE13DAA-E411-55D7-BC07-DCB9EC6FC474}.Release|x64.Build.0 = Release|Any CPU
		{CFE13DAA-E411-55D7-BC07-DCB9EC6FC474}.Release|x86.ActiveCfg = Release|Any CPU
		{CFE13DAA-E411-55D7-BC07-DCB9EC6FC474}.Release|x86.Build.0 = Release|Any CPU
		{3819A550-DCEC-4153-91B4-8BA9F7F0B9B4}.Debug|Any CPU.ActiveCfg = Debug|Any CPU
		{3819A550-DCEC-4153-91B4-8BA9F7F0B9B4}.Debug|Any CPU.Build.0 = Debug|Any CPU
		{3819A550-DCEC-4153-91B4-8BA9F7F0B9B4}.Debug|x64.ActiveCfg = Debug|Any CPU
		{3819A550-DCEC-4153-91B4-8BA9F7F0B9B4}.Debug|x64.Build.0 = Debug|Any CPU
		{3819A550-DCEC-4153-91B4-8BA9F7F0B9B4}.Debug|x86.ActiveCfg = Debug|Any CPU
		{3819A550-DCEC-4153-91B4-8BA9F7F0B9B4}.Debug|x86.Build.0 = Debug|Any CPU
		{3819A550-DCEC-4153-91B4-8BA9F7F0B9B4}.Release|Any CPU.ActiveCfg = Debug|Any CPU
		{3819A550-DCEC-4153-91B4-8BA9F7F0B9B4}.Release|Any CPU.Build.0 = Debug|Any CPU
		{3819A550-DCEC-4153-91B4-8BA9F7F0B9B4}.Release|x64.ActiveCfg = Debug|Any CPU
		{3819A550-DCEC-4153-91B4-8BA9F7F0B9B4}.Release|x64.Build.0 = Debug|Any CPU
		{3819A550-DCEC-4153-91B4-8BA9F7F0B9B4}.Release|x86.ActiveCfg = Debug|Any CPU
		{3819A550-DCEC-4153-91B4-8BA9F7F0B9B4}.Release|x86.Build.0 = Debug|Any CPU
		{A5A4D377-A873-4469-AB5F-24B32BC0E55A}.Debug|Any CPU.ActiveCfg = Debug|Any CPU
		{A5A4D377-A873-4469-AB5F-24B32BC0E55A}.Debug|Any CPU.Build.0 = Debug|Any CPU
		{A5A4D377-A873-4469-AB5F-24B32BC0E55A}.Debug|x64.ActiveCfg = Debug|Any CPU
		{A5A4D377-A873-4469-AB5F-24B32BC0E55A}.Debug|x64.Build.0 = Debug|Any CPU
		{A5A4D377-A873-4469-AB5F-24B32BC0E55A}.Debug|x86.ActiveCfg = Debug|Any CPU
		{A5A4D377-A873-4469-AB5F-24B32BC0E55A}.Debug|x86.Build.0 = Debug|Any CPU
		{A5A4D377-A873-4469-AB5F-24B32BC0E55A}.Release|Any CPU.ActiveCfg = Debug|Any CPU
		{A5A4D377-A873-4469-AB5F-24B32BC0E55A}.Release|Any CPU.Build.0 = Debug|Any CPU
		{A5A4D377-A873-4469-AB5F-24B32BC0E55A}.Release|x64.ActiveCfg = Debug|Any CPU
		{A5A4D377-A873-4469-AB5F-24B32BC0E55A}.Release|x64.Build.0 = Debug|Any CPU
		{A5A4D377-A873-4469-AB5F-24B32BC0E55A}.Release|x86.ActiveCfg = Debug|Any CPU
		{A5A4D377-A873-4469-AB5F-24B32BC0E55A}.Release|x86.Build.0 = Debug|Any CPU
	EndGlobalSection
	GlobalSection(SolutionProperties) = preSolution
		HideSolutionNode = FALSE
	EndGlobalSection
	GlobalSection(NestedProjects) = preSolution
		{86DCB238-F4B9-4C73-A8F0-BB5C187BF1D5} = {C2EDD998-7255-4FB7-A12D-AEA0E2B3EE9C}
		{817C8E25-B913-4332-AD68-D9B3431FFF54} = {86DCB238-F4B9-4C73-A8F0-BB5C187BF1D5}
		{02EA681E-C7D8-13C7-8484-4AC65E1B71E8} = {C2EDD998-7255-4FB7-A12D-AEA0E2B3EE9C}
		{EED71397-01E9-4763-B3E6-1060503D9A89} = {14513E1D-DAB5-4A4A-8EDA-2E87F4F04608}
		{60681732-337E-479A-898E-914B16E973E1} = {14513E1D-DAB5-4A4A-8EDA-2E87F4F04608}
		{04F1E508-A913-CAC9-51D0-D2BE0046CFAB} = {EED71397-01E9-4763-B3E6-1060503D9A89}
		{3D682EFB-AEA7-1DE4-CCEF-16D752C7D6E0} = {60681732-337E-479A-898E-914B16E973E1}
		{5CDBE619-6E42-6BF0-2BBA-302BF46F31E2} = {EED71397-01E9-4763-B3E6-1060503D9A89}
		{03A1AC8C-77F0-4BF3-B4D2-56832F97FA46} = {EED71397-01E9-4763-B3E6-1060503D9A89}
		{AD634BD1-5282-B854-DED9-F26ED67F6EA8} = {EED71397-01E9-4763-B3E6-1060503D9A89}
		{506A7691-E88E-B6B9-388C-6935A6279B87} = {EED71397-01E9-4763-B3E6-1060503D9A89}
		{A6D993DD-E668-5BA1-97A8-8D7CA1046774} = {EED71397-01E9-4763-B3E6-1060503D9A89}
		{F2F72251-7E82-B1BD-1279-FE594D5FEEDF} = {EED71397-01E9-4763-B3E6-1060503D9A89}
		{532C1C0E-40D4-94C4-AA26-E41A0A26E966} = {EED71397-01E9-4763-B3E6-1060503D9A89}
		{03522CB6-EA55-0193-0368-3FEAC7329A05} = {EED71397-01E9-4763-B3E6-1060503D9A89}
		{68F2FE9B-0732-71AB-28A9-C320D8753232} = {EED71397-01E9-4763-B3E6-1060503D9A89}
		{99BCE69C-56FF-F181-B5A4-7DEFBE9010BE} = {EED71397-01E9-4763-B3E6-1060503D9A89}
		{886EAAB9-16CC-A1A0-DD8A-F26179F0491C} = {EED71397-01E9-4763-B3E6-1060503D9A89}
		{67CBE0C1-531F-3D5E-D539-805738D1D10B} = {EED71397-01E9-4763-B3E6-1060503D9A89}
		{96984705-A0B1-E95C-B1A7-70E0334A8CD3} = {EED71397-01E9-4763-B3E6-1060503D9A89}
		{35BC2147-7FE5-CD9E-6D46-11AD9955D919} = {EED71397-01E9-4763-B3E6-1060503D9A89}
		{86B1091D-48C4-C239-21B1-BFAD77A516CE} = {EED71397-01E9-4763-B3E6-1060503D9A89}
		{DC51947E-6733-954B-5A7E-8E0FFC3F801A} = {EED71397-01E9-4763-B3E6-1060503D9A89}
		{2BD22748-5035-E13E-7FB9-15ECF449716E} = {EED71397-01E9-4763-B3E6-1060503D9A89}
		{3871263C-56BB-BF20-4C59-B4EDC1E2D4B5} = {EED71397-01E9-4763-B3E6-1060503D9A89}
		{BA9C8567-E55B-F9CD-CCB8-CB3722663979} = {EED71397-01E9-4763-B3E6-1060503D9A89}
		{CFE13DAA-E411-55D7-BC07-DCB9EC6FC474} = {EED71397-01E9-4763-B3E6-1060503D9A89}
		{3819A550-DCEC-4153-91B4-8BA9F7F0B9B4} = {EED71397-01E9-4763-B3E6-1060503D9A89}
		{A5A4D377-A873-4469-AB5F-24B32BC0E55A} = {EED71397-01E9-4763-B3E6-1060503D9A89}
	EndGlobalSection
	GlobalSection(ExtensibilityGlobals) = postSolution
		SolutionGuid = {6F07004F-9903-4AEB-9ED0-BE57A0326D20}
	EndGlobalSection
EndGlobal
