
Microsoft Visual Studio Solution File, Format Version 12.00
# Visual Studio Version 17
VisualStudioVersion = 17.4.33020.496
MinimumVisualStudioVersion = 10.0.40219.1
Project("{2150E333-8FDC-42A3-9474-1A3956D46DE8}") = "Solution Items", "Solution Items", "{C2EDD998-7255-4FB7-A12D-AEA0E2B3EE9C}"
	ProjectSection(SolutionItems) = preProject
		..\.github\CONTRIBUTING.md = ..\.github\CONTRIBUTING.md
		..\.github\README.md = ..\.github\README.md
		..\umbraco-marketplace.json = ..\umbraco-marketplace.json
	EndProjectSection
EndProject
Project("{FAE04EC0-301F-11D3-BF4B-00C04F79EFBC}") = "WysiwgUmbracoCommunityExtensions.TestSite", "wysiwgUmbracoCommunityExtensions.TestSite\WysiwgUmbracoCommunityExtensions.TestSite.csproj", "{B46061C1-621F-46EA-9142-23D51C12032B}"
EndProject
Project("{FAE04EC0-301F-11D3-BF4B-00C04F79EFBC}") = "WysiwgUmbracoCommunityExtensions", "wysiwgUmbracoCommunityExtensions\WysiwgUmbracoCommunityExtensions.csproj", "{E3332BDA-A1B7-4C57-9836-A26EFFB542CC}"
EndProject
Project("{2150E333-8FDC-42A3-9474-1A3956D46DE8}") = "docs", "docs", "{86DCB238-F4B9-4C73-A8F0-BB5C187BF1D5}"
	ProjectSection(SolutionItems) = preProject
		..\docs\history.md = ..\docs\history.md
		..\docs\logo.png = ..\docs\logo.png
		..\docs\README_nuget.md = ..\docs\README_nuget.md
	EndProjectSection
EndProject
Project("{2150E333-8FDC-42A3-9474-1A3956D46DE8}") = "screenshots", "screenshots", "{817C8E25-B913-4332-AD68-D9B3431FFF54}"
	ProjectSection(SolutionItems) = preProject
		..\docs\screenshots\blockgrid-css.jpg = ..\docs\screenshots\blockgrid-css.jpg
		..\docs\screenshots\BOvsFrontend-v2.jpg = ..\docs\screenshots\BOvsFrontend-v2.jpg
		..\docs\screenshots\BOvsFrontend-v3.jpg = ..\docs\screenshots\BOvsFrontend-v3.jpg
		..\docs\screenshots\doc-data-types.jpg = ..\docs\screenshots\doc-data-types.jpg
		..\docs\screenshots\wysiwg-dashboard.jpg = ..\docs\screenshots\wysiwg-dashboard.jpg
	EndProjectSection
EndProject
Project("{2150E333-8FDC-42A3-9474-1A3956D46DE8}") = "contributions", "contributions", "{02EA681E-C7D8-13C7-8484-4AC65E1B71E8}"
	ProjectSection(SolutionItems) = preProject
		..\contributions\umbraco-marketplace-readme-umbraco.community.wysiwgumbracocommunityextensions.md = ..\contributions\umbraco-marketplace-readme-umbraco.community.wysiwgumbracocommunityextensions.md
	EndProjectSection
EndProject
Project("{FAE04EC0-301F-11D3-BF4B-00C04F79EFBC}") = "ExtensionsTests", "ExtensionsTests\ExtensionsTests.csproj", "{CEE27969-990D-8835-3FF0-A6C01B80AD5B}"
EndProject
Global
	GlobalSection(SolutionConfigurationPlatforms) = preSolution
		Debug|Any CPU = Debug|Any CPU
		Debug|x64 = Debug|x64
		Debug|x86 = Debug|x86
		Release|Any CPU = Release|Any CPU
		Release|x64 = Release|x64
		Release|x86 = Release|x86
	EndGlobalSection
	GlobalSection(ProjectConfigurationPlatforms) = postSolution
		{B46061C1-621F-46EA-9142-23D51C12032B}.Debug|Any CPU.ActiveCfg = Debug|Any CPU
		{B46061C1-621F-46EA-9142-23D51C12032B}.Debug|Any CPU.Build.0 = Debug|Any CPU
		{B46061C1-621F-46EA-9142-23D51C12032B}.Debug|x64.ActiveCfg = Debug|Any CPU
		{B46061C1-621F-46EA-9142-23D51C12032B}.Debug|x64.Build.0 = Debug|Any CPU
		{B46061C1-621F-46EA-9142-23D51C12032B}.Debug|x86.ActiveCfg = Debug|Any CPU
		{B46061C1-621F-46EA-9142-23D51C12032B}.Debug|x86.Build.0 = Debug|Any CPU
		{B46061C1-621F-46EA-9142-23D51C12032B}.Release|Any CPU.ActiveCfg = Release|Any CPU
		{B46061C1-621F-46EA-9142-23D51C12032B}.Release|Any CPU.Build.0 = Release|Any CPU
		{B46061C1-621F-46EA-9142-23D51C12032B}.Release|x64.ActiveCfg = Release|Any CPU
		{B46061C1-621F-46EA-9142-23D51C12032B}.Release|x64.Build.0 = Release|Any CPU
		{B46061C1-621F-46EA-9142-23D51C12032B}.Release|x86.ActiveCfg = Release|Any CPU
		{B46061C1-621F-46EA-9142-23D51C12032B}.Release|x86.Build.0 = Release|Any CPU
		{E3332BDA-A1B7-4C57-9836-A26EFFB542CC}.Debug|Any CPU.ActiveCfg = Debug|Any CPU
		{E3332BDA-A1B7-4C57-9836-A26EFFB542CC}.Debug|Any CPU.Build.0 = Debug|Any CPU
		{E3332BDA-A1B7-4C57-9836-A26EFFB542CC}.Debug|x64.ActiveCfg = Debug|Any CPU
		{E3332BDA-A1B7-4C57-9836-A26EFFB542CC}.Debug|x64.Build.0 = Debug|Any CPU
		{E3332BDA-A1B7-4C57-9836-A26EFFB542CC}.Debug|x86.ActiveCfg = Debug|Any CPU
		{E3332BDA-A1B7-4C57-9836-A26EFFB542CC}.Debug|x86.Build.0 = Debug|Any CPU
		{E3332BDA-A1B7-4C57-9836-A26EFFB542CC}.Release|Any CPU.ActiveCfg = Release|Any CPU
		{E3332BDA-A1B7-4C57-9836-A26EFFB542CC}.Release|Any CPU.Build.0 = Release|Any CPU
		{E3332BDA-A1B7-4C57-9836-A26EFFB542CC}.Release|x64.ActiveCfg = Release|Any CPU
		{E3332BDA-A1B7-4C57-9836-A26EFFB542CC}.Release|x64.Build.0 = Release|Any CPU
		{E3332BDA-A1B7-4C57-9836-A26EFFB542CC}.Release|x86.ActiveCfg = Release|Any CPU
		{E3332BDA-A1B7-4C57-9836-A26EFFB542CC}.Release|x86.Build.0 = Release|Any CPU
		{CEE27969-990D-8835-3FF0-A6C01B80AD5B}.Debug|Any CPU.ActiveCfg = Debug|Any CPU
		{CEE27969-990D-8835-3FF0-A6C01B80AD5B}.Debug|Any CPU.Build.0 = Debug|Any CPU
		{CEE27969-990D-8835-3FF0-A6C01B80AD5B}.Debug|x64.ActiveCfg = Debug|Any CPU
		{CEE27969-990D-8835-3FF0-A6C01B80AD5B}.Debug|x64.Build.0 = Debug|Any CPU
		{CEE27969-990D-8835-3FF0-A6C01B80AD5B}.Debug|x86.ActiveCfg = Debug|Any CPU
		{CEE27969-990D-8835-3FF0-A6C01B80AD5B}.Debug|x86.Build.0 = Debug|Any CPU
		{CEE27969-990D-8835-3FF0-A6C01B80AD5B}.Release|Any CPU.ActiveCfg = Release|Any CPU
		{CEE27969-990D-8835-3FF0-A6C01B80AD5B}.Release|Any CPU.Build.0 = Release|Any CPU
		{CEE27969-990D-8835-3FF0-A6C01B80AD5B}.Release|x64.ActiveCfg = Release|Any CPU
		{CEE27969-990D-8835-3FF0-A6C01B80AD5B}.Release|x64.Build.0 = Release|Any CPU
		{CEE27969-990D-8835-3FF0-A6C01B80AD5B}.Release|x86.ActiveCfg = Release|Any CPU
		{CEE27969-990D-8835-3FF0-A6C01B80AD5B}.Release|x86.Build.0 = Release|Any CPU
	EndGlobalSection
	GlobalSection(SolutionProperties) = preSolution
		HideSolutionNode = FALSE
	EndGlobalSection
	GlobalSection(NestedProjects) = preSolution
		{86DCB238-F4B9-4C73-A8F0-BB5C187BF1D5} = {C2EDD998-7255-4FB7-A12D-AEA0E2B3EE9C}
		{817C8E25-B913-4332-AD68-D9B3431FFF54} = {86DCB238-F4B9-4C73-A8F0-BB5C187BF1D5}
		{02EA681E-C7D8-13C7-8484-4AC65E1B71E8} = {C2EDD998-7255-4FB7-A12D-AEA0E2B3EE9C}
	EndGlobalSection
	GlobalSection(ExtensibilityGlobals) = postSolution
		SolutionGuid = {6F07004F-9903-4AEB-9ED0-BE57A0326D20}
	EndGlobalSection
EndGlobal
